
Microsoft Visual Studio Solution File, Format Version 12.00
# Visual Studio 15
VisualStudioVersion = 15.0.28010.2048
MinimumVisualStudioVersion = 10.0.40219.1
Project("{FAE04EC0-301F-11D3-BF4B-00C04F79EFBC}") = "ProjectEuler", "ProjectEuler\ProjectEuler.csproj", "{53325F56-3EB7-4383-B67E-634A5DE8CA00}"
EndProject
Project("{9A19103F-16F7-4668-BE54-9A1E7A4F7556}") = "ProjectEuler.Test", "ProjectEuler.Test\ProjectEuler.Test.csproj", "{DEEBEB96-5D1D-45FE-A08F-D4105D00B8E5}"
EndProject
Global
	GlobalSection(SolutionConfigurationPlatforms) = preSolution
		Debug|Any CPU = Debug|Any CPU
		Release|Any CPU = Release|Any CPU
	EndGlobalSection
	GlobalSection(ProjectConfigurationPlatforms) = postSolution
		{53325F56-3EB7-4383-B67E-634A5DE8CA00}.Debug|Any CPU.ActiveCfg = Debug|Any CPU
		{53325F56-3EB7-4383-B67E-634A5DE8CA00}.Debug|Any CPU.Build.0 = Debug|Any CPU
		{53325F56-3EB7-4383-B67E-634A5DE8CA00}.Release|Any CPU.ActiveCfg = Release|Any CPU
		{53325F56-3EB7-4383-B67E-634A5DE8CA00}.Release|Any CPU.Build.0 = Release|Any CPU
		{DEEBEB96-5D1D-45FE-A08F-D4105D00B8E5}.Debug|Any CPU.ActiveCfg = Debug|Any CPU
		{DEEBEB96-5D1D-45FE-A08F-D4105D00B8E5}.Debug|Any CPU.Build.0 = Debug|Any CPU
		{DEEBEB96-5D1D-45FE-A08F-D4105D00B8E5}.Release|Any CPU.ActiveCfg = Release|Any CPU
		{DEEBEB96-5D1D-45FE-A08F-D4105D00B8E5}.Release|Any CPU.Build.0 = Release|Any CPU
	EndGlobalSection
	GlobalSection(SolutionProperties) = preSolution
		HideSolutionNode = FALSE
	EndGlobalSection
	GlobalSection(ExtensibilityGlobals) = postSolution
		SolutionGuid = {3742B8C1-0894-4B9B-ACA7-E3A3426E4962}
	EndGlobalSection
EndGlobal
